
Microsoft Visual Studio Solution File, Format Version 12.00
# Visual Studio Version 17
VisualStudioVersion = 17.4.33103.184
MinimumVisualStudioVersion = 10.0.40219.1
Project("{9A19103F-16F7-4668-BE54-9A1E7A4F7556}") = "Library_System", "Library_System\Library_System.csproj", "{75BBA699-9860-4BD9-B776-C8646202EE91}"
	ProjectSection(ProjectDependencies) = postProject
		{10DC01D7-FFCA-41AE-A573-56D1A4F31277} = {10DC01D7-FFCA-41AE-A573-56D1A4F31277}
		{4FCB7DB3-B8A8-4BE1-A590-4C1AFDF15427} = {4FCB7DB3-B8A8-4BE1-A590-4C1AFDF15427}
		{9FD2CA37-4967-489A-A4CF-FD9D85D9A78B} = {9FD2CA37-4967-489A-A4CF-FD9D85D9A78B}
		{FC450CB3-2603-4D7D-A6C9-D8B193D2E835} = {FC450CB3-2603-4D7D-A6C9-D8B193D2E835}
	EndProjectSection
EndProject
Project("{2150E333-8FDC-42A3-9474-1A3956D46DE8}") = "Domain", "Domain", "{8AB108A6-3E5C-4195-9B03-5ACB84102C98}"
EndProject
Project("{9A19103F-16F7-4668-BE54-9A1E7A4F7556}") = "Model", "Model\Model.csproj", "{E7962DF3-EF10-4D5A-974B-5E6AEA3F2177}"
EndProject
Project("{9A19103F-16F7-4668-BE54-9A1E7A4F7556}") = "Enum", "Enum\Enum.csproj", "{4FCB7DB3-B8A8-4BE1-A590-4C1AFDF15427}"
EndProject
Project("{2150E333-8FDC-42A3-9474-1A3956D46DE8}") = "Services", "Services", "{51D4CDB8-CBB9-435C-93DA-EDCED4176E81}"
EndProject
Project("{9A19103F-16F7-4668-BE54-9A1E7A4F7556}") = "Services", "Services\Services.csproj", "{9FD2CA37-4967-489A-A4CF-FD9D85D9A78B}"
	ProjectSection(ProjectDependencies) = postProject
		{E7962DF3-EF10-4D5A-974B-5E6AEA3F2177} = {E7962DF3-EF10-4D5A-974B-5E6AEA3F2177}
	EndProjectSection
EndProject
Project("{2150E333-8FDC-42A3-9474-1A3956D46DE8}") = "Repository", "Repository", "{44589C29-5275-42E8-88F6-3B31EB4B1E37}"
EndProject
Project("{9A19103F-16F7-4668-BE54-9A1E7A4F7556}") = "Repositories", "Repositories\Repositories.csproj", "{10DC01D7-FFCA-41AE-A573-56D1A4F31277}"
EndProject
Project("{FAE04EC0-301F-11D3-BF4B-00C04F79EFBC}") = "DTO", "DTO\DTO.csproj", "{527A7E4C-A702-4FFD-B1F2-59507773B4B8}"
EndProject
Project("{FAE04EC0-301F-11D3-BF4B-00C04F79EFBC}") = "Library.AutoMapper", "AutoMapper\Library.AutoMapper.csproj", "{FC450CB3-2603-4D7D-A6C9-D8B193D2E835}"
EndProject
Global
	GlobalSection(SolutionConfigurationPlatforms) = preSolution
		Debug|Any CPU = Debug|Any CPU
		Release|Any CPU = Release|Any CPU
	EndGlobalSection
	GlobalSection(ProjectConfigurationPlatforms) = postSolution
		{75BBA699-9860-4BD9-B776-C8646202EE91}.Debug|Any CPU.ActiveCfg = Debug|Any CPU
		{75BBA699-9860-4BD9-B776-C8646202EE91}.Debug|Any CPU.Build.0 = Debug|Any CPU
		{75BBA699-9860-4BD9-B776-C8646202EE91}.Release|Any CPU.ActiveCfg = Release|Any CPU
		{75BBA699-9860-4BD9-B776-C8646202EE91}.Release|Any CPU.Build.0 = Release|Any CPU
		{E7962DF3-EF10-4D5A-974B-5E6AEA3F2177}.Debug|Any CPU.ActiveCfg = Debug|Any CPU
		{E7962DF3-EF10-4D5A-974B-5E6AEA3F2177}.Debug|Any CPU.Build.0 = Debug|Any CPU
		{E7962DF3-EF10-4D5A-974B-5E6AEA3F2177}.Release|Any CPU.ActiveCfg = Release|Any CPU
		{E7962DF3-EF10-4D5A-974B-5E6AEA3F2177}.Release|Any CPU.Build.0 = Release|Any CPU
		{4FCB7DB3-B8A8-4BE1-A590-4C1AFDF15427}.Debug|Any CPU.ActiveCfg = Debug|Any CPU
		{4FCB7DB3-B8A8-4BE1-A590-4C1AFDF15427}.Debug|Any CPU.Build.0 = Debug|Any CPU
		{4FCB7DB3-B8A8-4BE1-A590-4C1AFDF15427}.Release|Any CPU.ActiveCfg = Release|Any CPU
		{4FCB7DB3-B8A8-4BE1-A590-4C1AFDF15427}.Release|Any CPU.Build.0 = Release|Any CPU
		{9FD2CA37-4967-489A-A4CF-FD9D85D9A78B}.Debug|Any CPU.ActiveCfg = Debug|Any CPU
		{9FD2CA37-4967-489A-A4CF-FD9D85D9A78B}.Debug|Any CPU.Build.0 = Debug|Any CPU
		{9FD2CA37-4967-489A-A4CF-FD9D85D9A78B}.Release|Any CPU.ActiveCfg = Release|Any CPU
		{9FD2CA37-4967-489A-A4CF-FD9D85D9A78B}.Release|Any CPU.Build.0 = Release|Any CPU
		{10DC01D7-FFCA-41AE-A573-56D1A4F31277}.Debug|Any CPU.ActiveCfg = Debug|Any CPU
		{10DC01D7-FFCA-41AE-A573-56D1A4F31277}.Debug|Any CPU.Build.0 = Debug|Any CPU
		{10DC01D7-FFCA-41AE-A573-56D1A4F31277}.Release|Any CPU.ActiveCfg = Release|Any CPU
		{10DC01D7-FFCA-41AE-A573-56D1A4F31277}.Release|Any CPU.Build.0 = Release|Any CPU
		{527A7E4C-A702-4FFD-B1F2-59507773B4B8}.Debug|Any CPU.ActiveCfg = Debug|Any CPU
		{527A7E4C-A702-4FFD-B1F2-59507773B4B8}.Debug|Any CPU.Build.0 = Debug|Any CPU
		{527A7E4C-A702-4FFD-B1F2-59507773B4B8}.Release|Any CPU.ActiveCfg = Release|Any CPU
		{527A7E4C-A702-4FFD-B1F2-59507773B4B8}.Release|Any CPU.Build.0 = Release|Any CPU
		{FC450CB3-2603-4D7D-A6C9-D8B193D2E835}.Debug|Any CPU.ActiveCfg = Debug|Any CPU
		{FC450CB3-2603-4D7D-A6C9-D8B193D2E835}.Debug|Any CPU.Build.0 = Debug|Any CPU
		{FC450CB3-2603-4D7D-A6C9-D8B193D2E835}.Release|Any CPU.ActiveCfg = Release|Any CPU
		{FC450CB3-2603-4D7D-A6C9-D8B193D2E835}.Release|Any CPU.Build.0 = Release|Any CPU
	EndGlobalSection
	GlobalSection(SolutionProperties) = preSolution
		HideSolutionNode = FALSE
	EndGlobalSection
	GlobalSection(NestedProjects) = preSolution
		{E7962DF3-EF10-4D5A-974B-5E6AEA3F2177} = {8AB108A6-3E5C-4195-9B03-5ACB84102C98}
		{4FCB7DB3-B8A8-4BE1-A590-4C1AFDF15427} = {8AB108A6-3E5C-4195-9B03-5ACB84102C98}
		{9FD2CA37-4967-489A-A4CF-FD9D85D9A78B} = {51D4CDB8-CBB9-435C-93DA-EDCED4176E81}
		{10DC01D7-FFCA-41AE-A573-56D1A4F31277} = {44589C29-5275-42E8-88F6-3B31EB4B1E37}
		{527A7E4C-A702-4FFD-B1F2-59507773B4B8} = {8AB108A6-3E5C-4195-9B03-5ACB84102C98}
	EndGlobalSection
	GlobalSection(ExtensibilityGlobals) = postSolution
		SolutionGuid = {8F171F89-DFB5-4E01-BA19-FB2B5982B939}
	EndGlobalSection
EndGlobal
